
Microsoft Visual Studio Solution File, Format Version 12.00
# Visual Studio Version 17
VisualStudioVersion = 17.0.31808.319
MinimumVisualStudioVersion = 10.0.40219.1
Project("{FAE04EC0-301F-11D3-BF4B-00C04F79EFBC}") = "Lab12", "Lab12\Lab12.csproj", "{8587610E-6723-426D-8F77-3C8A0B6CAF58}"
EndProject
Project("{FAE04EC0-301F-11D3-BF4B-00C04F79EFBC}") = "Domain", "Domain\Domain.csproj", "{27152DAB-CF44-498D-ADA3-A1970BEBD63C}"
EndProject
Project("{FAE04EC0-301F-11D3-BF4B-00C04F79EFBC}") = "Infraestructure", "Infraestructure\Infraestructure.csproj", "{0F9021E8-D882-4A15-B62F-ED4CB5384AB9}"
EndProject
Project("{FAE04EC0-301F-11D3-BF4B-00C04F79EFBC}") = "Service", "Service\Service.csproj", "{49D8759D-7FEF-4A56-AF4A-4E5209F6CDC5}"
EndProject
Global
	GlobalSection(SolutionConfigurationPlatforms) = preSolution
		Debug|Any CPU = Debug|Any CPU
		Release|Any CPU = Release|Any CPU
	EndGlobalSection
	GlobalSection(ProjectConfigurationPlatforms) = postSolution
		{8587610E-6723-426D-8F77-3C8A0B6CAF58}.Debug|Any CPU.ActiveCfg = Debug|Any CPU
		{8587610E-6723-426D-8F77-3C8A0B6CAF58}.Debug|Any CPU.Build.0 = Debug|Any CPU
		{8587610E-6723-426D-8F77-3C8A0B6CAF58}.Release|Any CPU.ActiveCfg = Release|Any CPU
		{8587610E-6723-426D-8F77-3C8A0B6CAF58}.Release|Any CPU.Build.0 = Release|Any CPU
		{27152DAB-CF44-498D-ADA3-A1970BEBD63C}.Debug|Any CPU.ActiveCfg = Debug|Any CPU
		{27152DAB-CF44-498D-ADA3-A1970BEBD63C}.Debug|Any CPU.Build.0 = Debug|Any CPU
		{27152DAB-CF44-498D-ADA3-A1970BEBD63C}.Release|Any CPU.ActiveCfg = Release|Any CPU
		{27152DAB-CF44-498D-ADA3-A1970BEBD63C}.Release|Any CPU.Build.0 = Release|Any CPU
		{0F9021E8-D882-4A15-B62F-ED4CB5384AB9}.Debug|Any CPU.ActiveCfg = Debug|Any CPU
		{0F9021E8-D882-4A15-B62F-ED4CB5384AB9}.Debug|Any CPU.Build.0 = Debug|Any CPU
		{0F9021E8-D882-4A15-B62F-ED4CB5384AB9}.Release|Any CPU.ActiveCfg = Release|Any CPU
		{0F9021E8-D882-4A15-B62F-ED4CB5384AB9}.Release|Any CPU.Build.0 = Release|Any CPU
		{49D8759D-7FEF-4A56-AF4A-4E5209F6CDC5}.Debug|Any CPU.ActiveCfg = Debug|Any CPU
		{49D8759D-7FEF-4A56-AF4A-4E5209F6CDC5}.Debug|Any CPU.Build.0 = Debug|Any CPU
		{49D8759D-7FEF-4A56-AF4A-4E5209F6CDC5}.Release|Any CPU.ActiveCfg = Release|Any CPU
		{49D8759D-7FEF-4A56-AF4A-4E5209F6CDC5}.Release|Any CPU.Build.0 = Release|Any CPU
	EndGlobalSection
	GlobalSection(SolutionProperties) = preSolution
		HideSolutionNode = FALSE
	EndGlobalSection
	GlobalSection(ExtensibilityGlobals) = postSolution
		SolutionGuid = {A5FA718A-7065-41E4-8460-1541BAA050CD}
	EndGlobalSection
EndGlobal
